{
  "name": "input-calculator",
  "version": "1.0.0",
  "lockfileVersion": 1,
  "requires": true,
  "dependencies": {
    "alhasandev-calculator": {
      "version": "1.2.3",
      "resolved": "https://registry.npmjs.org/alhasandev-calculator/-/alhasandev-calculator-1.2.3.tgz",
      "integrity": "sha512-3BvgAV2Y3RgocFEtUT3EsBb5FRWp33UieaR866dnFsVl2kWvHX5IK5MeyA4D6JZf1Rm+5LI0T4Nhwefm/4uswA=="
    }
  }
}
